
Microsoft Visual Studio Solution File, Format Version 12.00
Project("{FAE04EC0-301F-11D3-BF4B-00C04F79EFBC}") = "Orchidic", "Orchidic\Orchidic.csproj", "{BC354D4A-71CA-40C9-B1D4-BD823C46831C}"
EndProject
Global
	GlobalSection(SolutionConfigurationPlatforms) = preSolution
		Debug|Any CPU = Debug|Any CPU
		Release|Any CPU = Release|Any CPU
	EndGlobalSection
	GlobalSection(ProjectConfigurationPlatforms) = postSolution
		{BC354D4A-71CA-40C9-B1D4-BD823C46831C}.Debug|Any CPU.ActiveCfg = Debug|Any CPU
		{BC354D4A-71CA-40C9-B1D4-BD823C46831C}.Debug|Any CPU.Build.0 = Debug|Any CPU
		{BC354D4A-71CA-40C9-B1D4-BD823C46831C}.Release|Any CPU.ActiveCfg = Release|Any CPU
		{BC354D4A-71CA-40C9-B1D4-BD823C46831C}.Release|Any CPU.Build.0 = Release|Any CPU
	EndGlobalSection
EndGlobal
